
Microsoft Visual Studio Solution File, Format Version 12.00
# Visual Studio Version 17
VisualStudioVersion = 17.12.35506.116
MinimumVisualStudioVersion = 10.0.40219.1
Project("{FAE04EC0-301F-11D3-BF4B-00C04F79EFBC}") = "descarga-ciec-csharp", "descarga-ciec-csharp\descarga-ciec-csharp.csproj", "{B76EFF0D-6B65-4171-8435-EAB5185F3466}"
EndProject
Project("{FAE04EC0-301F-11D3-BF4B-00C04F79EFBC}") = "descarga-ciec-csharp-test", "descarga-ciec-csharp-test\descarga-ciec-csharp-test.csproj", "{148A6BE0-C4CA-4EA7-AC0E-757ADF011CDD}"
EndProject
Global
	GlobalSection(SolutionConfigurationPlatforms) = preSolution
		Debug|Any CPU = Debug|Any CPU
		Release|Any CPU = Release|Any CPU
	EndGlobalSection
	GlobalSection(ProjectConfigurationPlatforms) = postSolution
		{B76EFF0D-6B65-4171-8435-EAB5185F3466}.Debug|Any CPU.ActiveCfg = Release|Any CPU
		{B76EFF0D-6B65-4171-8435-EAB5185F3466}.Debug|Any CPU.Build.0 = Release|Any CPU
		{B76EFF0D-6B65-4171-8435-EAB5185F3466}.Release|Any CPU.ActiveCfg = Release|Any CPU
		{B76EFF0D-6B65-4171-8435-EAB5185F3466}.Release|Any CPU.Build.0 = Release|Any CPU
		{148A6BE0-C4CA-4EA7-AC0E-757ADF011CDD}.Debug|Any CPU.ActiveCfg = Debug|Any CPU
		{148A6BE0-C4CA-4EA7-AC0E-757ADF011CDD}.Debug|Any CPU.Build.0 = Debug|Any CPU
		{148A6BE0-C4CA-4EA7-AC0E-757ADF011CDD}.Release|Any CPU.ActiveCfg = Release|Any CPU
		{148A6BE0-C4CA-4EA7-AC0E-757ADF011CDD}.Release|Any CPU.Build.0 = Release|Any CPU
	EndGlobalSection
	GlobalSection(SolutionProperties) = preSolution
		HideSolutionNode = FALSE
	EndGlobalSection
	GlobalSection(ExtensibilityGlobals) = postSolution
		SolutionGuid = {ED772087-976A-4A5C-9C3A-D5E8A3CF652B}
	EndGlobalSection
EndGlobal
